
Microsoft Visual Studio Solution File, Format Version 12.00
# Visual Studio Version 17
VisualStudioVersion = 17.2.32630.192
MinimumVisualStudioVersion = 10.0.40219.1
Project("{FAE04EC0-301F-11D3-BF4B-00C04F79EFBC}") = "pyramid", "pyramid\pyramid.csproj", "{B082A46A-D914-4906-9072-2585390C8D0C}"
EndProject
Global
	GlobalSection(SolutionConfigurationPlatforms) = preSolution
		Debug|Any CPU = Debug|Any CPU
		Release|Any CPU = Release|Any CPU
	EndGlobalSection
	GlobalSection(ProjectConfigurationPlatforms) = postSolution
		{B082A46A-D914-4906-9072-2585390C8D0C}.Debug|Any CPU.ActiveCfg = Debug|Any CPU
		{B082A46A-D914-4906-9072-2585390C8D0C}.Debug|Any CPU.Build.0 = Debug|Any CPU
		{B082A46A-D914-4906-9072-2585390C8D0C}.Release|Any CPU.ActiveCfg = Release|Any CPU
		{B082A46A-D914-4906-9072-2585390C8D0C}.Release|Any CPU.Build.0 = Release|Any CPU
	EndGlobalSection
	GlobalSection(SolutionProperties) = preSolution
		HideSolutionNode = FALSE
	EndGlobalSection
	GlobalSection(ExtensibilityGlobals) = postSolution
		SolutionGuid = {99D7E3C7-B784-47F4-BAE7-7090D3370ABE}
	EndGlobalSection
EndGlobal
